
Microsoft Visual Studio Solution File, Format Version 10.00
# Visual Studio 2008
Project("{FAE04EC0-301F-11D3-BF4B-00C04F79EFBC}") = "CommandLineParser", "CommandLineParser\CommandLineParser.csproj", "{251387D3-9F28-4FB2-90A4-01DD05F1D2AF}"
EndProject
Project("{FAE04EC0-301F-11D3-BF4B-00C04F79EFBC}") = "ParserTest", "ParserTest\ParserTest.csproj", "{FBB83C7A-3BB4-45FC-8F69-9E912AD63821}"
EndProject
Global
	GlobalSection(TeamFoundationVersionControl) = preSolution
		SccNumberOfProjects = 3
		SccEnterpriseProvider = {4CA58AB2-18FA-4F8D-95D4-32DDF27D184C}
		SccTeamFoundationServer = https://tfs10.codeplex.com/
		SccLocalPath0 = .
		SccProjectUniqueName1 = CommandLineParser\\CommandLineParser.csproj
		SccProjectName1 = CommandLineParser
		SccLocalPath1 = CommandLineParser
		SccProjectUniqueName2 = ParserTest\\ParserTest.csproj
		SccProjectName2 = ParserTest
		SccLocalPath2 = ParserTest
	EndGlobalSection
	GlobalSection(SolutionConfigurationPlatforms) = preSolution
		Debug|Any CPU = Debug|Any CPU
		Release|Any CPU = Release|Any CPU
	EndGlobalSection
	GlobalSection(ProjectConfigurationPlatforms) = postSolution
		{251387D3-9F28-4FB2-90A4-01DD05F1D2AF}.Debug|Any CPU.ActiveCfg = Debug|Any CPU
		{251387D3-9F28-4FB2-90A4-01DD05F1D2AF}.Debug|Any CPU.Build.0 = Debug|Any CPU
		{251387D3-9F28-4FB2-90A4-01DD05F1D2AF}.Release|Any CPU.ActiveCfg = Release|Any CPU
		{251387D3-9F28-4FB2-90A4-01DD05F1D2AF}.Release|Any CPU.Build.0 = Release|Any CPU
		{FBB83C7A-3BB4-45FC-8F69-9E912AD63821}.Debug|Any CPU.ActiveCfg = Debug|Any CPU
		{FBB83C7A-3BB4-45FC-8F69-9E912AD63821}.Debug|Any CPU.Build.0 = Debug|Any CPU
		{FBB83C7A-3BB4-45FC-8F69-9E912AD63821}.Release|Any CPU.ActiveCfg = Release|Any CPU
		{FBB83C7A-3BB4-45FC-8F69-9E912AD63821}.Release|Any CPU.Build.0 = Release|Any CPU
	EndGlobalSection
	GlobalSection(SolutionProperties) = preSolution
		HideSolutionNode = FALSE
	EndGlobalSection
EndGlobal
